// !$*UTF8*$!
{
	archiveVersion = 1;
	classes = {
	};
	objectVersion = 56;
	objects = {

/* Begin PBXBuildFile section */
		482E41DC2B86812400E3448F /* SwiftNavigationTestApp.swift in Sources */ = {isa = PBXBuildFile; fileRef = 482E41DB2B86812400E3448F /* SwiftNavigationTestApp.swift */; };
		482E41E02B86812600E3448F /* Assets.xcassets in Resources */ = {isa = PBXBuildFile; fileRef = 482E41DF2B86812600E3448F /* Assets.xcassets */; };
		482E41E32B86812600E3448F /* Preview Assets.xcassets in Resources */ = {isa = PBXBuildFile; fileRef = 482E41E22B86812600E3448F /* Preview Assets.xcassets */; };
		482E41EB2B86827A00E3448F /* ComposableArchitecture in Frameworks */ = {isa = PBXBuildFile; productRef = 482E41EA2B86827A00E3448F /* ComposableArchitecture */; };
		482E41F22B8682E700E3448F /* CreateProfileFlowView.swift in Sources */ = {isa = PBXBuildFile; fileRef = 482E41EC2B8682E700E3448F /* CreateProfileFlowView.swift */; };
		482E41F32B8682E700E3448F /* CreateProfileIntroStepReducer.swift in Sources */ = {isa = PBXBuildFile; fileRef = 482E41ED2B8682E700E3448F /* CreateProfileIntroStepReducer.swift */; };
		482E41F42B8682E700E3448F /* CreateProfileIntroStepView.swift in Sources */ = {isa = PBXBuildFile; fileRef = 482E41EE2B8682E700E3448F /* CreateProfileIntroStepView.swift */; };
		482E41F52B8682E700E3448F /* CreateProfileTeamsStepReducer.swift in Sources */ = {isa = PBXBuildFile; fileRef = 482E41EF2B8682E700E3448F /* CreateProfileTeamsStepReducer.swift */; };
		482E41F62B8682E700E3448F /* CreateProfileTeamsStepView.swift in Sources */ = {isa = PBXBuildFile; fileRef = 482E41F02B8682E700E3448F /* CreateProfileTeamsStepView.swift */; };
		482E41F72B8682E700E3448F /* CreateProfileFlowReducer.swift in Sources */ = {isa = PBXBuildFile; fileRef = 482E41F12B8682E700E3448F /* CreateProfileFlowReducer.swift */; };
/* End PBXBuildFile section */

/* Begin PBXFileReference section */
		482E41D82B86812400E3448F /* SwiftNavigationTest.app */ = {isa = PBXFileReference; explicitFileType = wrapper.application; includeInIndex = 0; path = SwiftNavigationTest.app; sourceTree = BUILT_PRODUCTS_DIR; };
		482E41DB2B86812400E3448F /* SwiftNavigationTestApp.swift */ = {isa = PBXFileReference; lastKnownFileType = sourcecode.swift; path = SwiftNavigationTestApp.swift; sourceTree = "<group>"; };
		482E41DF2B86812600E3448F /* Assets.xcassets */ = {isa = PBXFileReference; lastKnownFileType = folder.assetcatalog; path = Assets.xcassets; sourceTree = "<group>"; };
		482E41E22B86812600E3448F /* Preview Assets.xcassets */ = {isa = PBXFileReference; lastKnownFileType = folder.assetcatalog; path = "Preview Assets.xcassets"; sourceTree = "<group>"; };
		482E41EC2B8682E700E3448F /* CreateProfileFlowView.swift */ = {isa = PBXFileReference; fileEncoding = 4; lastKnownFileType = sourcecode.swift; path = CreateProfileFlowView.swift; sourceTree = "<group>"; };
		482E41ED2B8682E700E3448F /* CreateProfileIntroStepReducer.swift */ = {isa = PBXFileReference; fileEncoding = 4; lastKnownFileType = sourcecode.swift; path = CreateProfileIntroStepReducer.swift; sourceTree = "<group>"; };
		482E41EE2B8682E700E3448F /* CreateProfileIntroStepView.swift */ = {isa = PBXFileReference; fileEncoding = 4; lastKnownFileType = sourcecode.swift; path = CreateProfileIntroStepView.swift; sourceTree = "<group>"; };
		482E41EF2B8682E700E3448F /* CreateProfileTeamsStepReducer.swift */ = {isa = PBXFileReference; fileEncoding = 4; lastKnownFileType = sourcecode.swift; path = CreateProfileTeamsStepReducer.swift; sourceTree = "<group>"; };
		482E41F02B8682E700E3448F /* CreateProfileTeamsStepView.swift */ = {isa = PBXFileReference; fileEncoding = 4; lastKnownFileType = sourcecode.swift; path = CreateProfileTeamsStepView.swift; sourceTree = "<group>"; };
		482E41F12B8682E700E3448F /* CreateProfileFlowReducer.swift */ = {isa = PBXFileReference; fileEncoding = 4; lastKnownFileType = sourcecode.swift; path = CreateProfileFlowReducer.swift; sourceTree = "<group>"; };
/* End PBXFileReference section */

/* Begin PBXFrameworksBuildPhase section */
		482E41D52B86812400E3448F /* Frameworks */ = {
			isa = PBXFrameworksBuildPhase;
			buildActionMask = 2147483647;
			files = (
				482E41EB2B86827A00E3448F /* ComposableArchitecture in Frameworks */,
			);
			runOnlyForDeploymentPostprocessing = 0;
		};
/* End PBXFrameworksBuildPhase section */

/* Begin PBXGroup section */
		482E41CF2B86812400E3448F = {
			isa = PBXGroup;
			children = (
				482E41DA2B86812400E3448F /* SwiftNavigationTest */,
				482E41D92B86812400E3448F /* Products */,
			);
			sourceTree = "<group>";
		};
		482E41D92B86812400E3448F /* Products */ = {
			isa = PBXGroup;
			children = (
				482E41D82B86812400E3448F /* SwiftNavigationTest.app */,
			);
			name = Products;
			sourceTree = "<group>";
		};
		482E41DA2B86812400E3448F /* SwiftNavigationTest */ = {
			isa = PBXGroup;
			children = (
				482E41DB2B86812400E3448F /* SwiftNavigationTestApp.swift */,
				482E41F12B8682E700E3448F /* CreateProfileFlowReducer.swift */,
				482E41EC2B8682E700E3448F /* CreateProfileFlowView.swift */,
				482E41ED2B8682E700E3448F /* CreateProfileIntroStepReducer.swift */,
				482E41EE2B8682E700E3448F /* CreateProfileIntroStepView.swift */,
				482E41EF2B8682E700E3448F /* CreateProfileTeamsStepReducer.swift */,
				482E41F02B8682E700E3448F /* CreateProfileTeamsStepView.swift */,
				482E41DF2B86812600E3448F /* Assets.xcassets */,
				482E41E12B86812600E3448F /* Preview Content */,
			);
			path = SwiftNavigationTest;
			sourceTree = "<group>";
		};
		482E41E12B86812600E3448F /* Preview Content */ = {
			isa = PBXGroup;
			children = (
				482E41E22B86812600E3448F /* Preview Assets.xcassets */,
			);
			path = "Preview Content";
			sourceTree = "<group>";
		};
/* End PBXGroup section */

/* Begin PBXNativeTarget section */
		482E41D72B86812400E3448F /* SwiftNavigationTest */ = {
			isa = PBXNativeTarget;
			buildConfigurationList = 482E41E62B86812600E3448F /* Build configuration list for PBXNativeTarget "SwiftNavigationTest" */;
			buildPhases = (
				482E41D42B86812400E3448F /* Sources */,
				482E41D52B86812400E3448F /* Frameworks */,
				482E41D62B86812400E3448F /* Resources */,
			);
			buildRules = (
			);
			dependencies = (
			);
			name = SwiftNavigationTest;
			packageProductDependencies = (
				482E41EA2B86827A00E3448F /* ComposableArchitecture */,
			);
			productName = SwiftNavigationTest;
			productReference = 482E41D82B86812400E3448F /* SwiftNavigationTest.app */;
			productType = "com.apple.product-type.application";
		};
/* End PBXNativeTarget section */

/* Begin PBXProject section */
		482E41D02B86812400E3448F /* Project object */ = {
			isa = PBXProject;
			attributes = {
				BuildIndependentTargetsInParallel = 1;
				LastSwiftUpdateCheck = 1500;
				LastUpgradeCheck = 1500;
				TargetAttributes = {
					482E41D72B86812400E3448F = {
						CreatedOnToolsVersion = 15.0;
					};
				};
			};
			buildConfigurationList = 482E41D32B86812400E3448F /* Build configuration list for PBXProject "SwiftNavigationTest" */;
			compatibilityVersion = "Xcode 14.0";
			developmentRegion = en;
			hasScannedForEncodings = 0;
			knownRegions = (
				en,
				Base,
			);
			mainGroup = 482E41CF2B86812400E3448F;
			packageReferences = (
				482E41E92B86827A00E3448F /* XCRemoteSwiftPackageReference "swift-composable-architecture" */,
			);
			productRefGroup = 482E41D92B86812400E3448F /* Products */;
			projectDirPath = "";
			projectRoot = "";
			targets = (
				482E41D72B86812400E3448F /* SwiftNavigationTest */,
			);
		};
/* End PBXProject section */

/* Begin PBXResourcesBuildPhase section */
		482E41D62B86812400E3448F /* Resources */ = {
			isa = PBXResourcesBuildPhase;
			buildActionMask = 2147483647;
			files = (
				482E41E32B86812600E3448F /* Preview Assets.xcassets in Resources */,
				482E41E02B86812600E3448F /* Assets.xcassets in Resources */,
			);
			runOnlyForDeploymentPostprocessing = 0;
		};
/* End PBXResourcesBuildPhase section */

/* Begin PBXSourcesBuildPhase section */
		482E41D42B86812400E3448F /* Sources */ = {
			isa = PBXSourcesBuildPhase;
			buildActionMask = 2147483647;
			files = (
				482E41F72B8682E700E3448F /* CreateProfileFlowReducer.swift in Sources */,
				482E41F62B8682E700E3448F /* CreateProfileTeamsStepView.swift in Sources */,
				482E41F32B8682E700E3448F /* CreateProfileIntroStepReducer.swift in Sources */,
				482E41DC2B86812400E3448F /* SwiftNavigationTestApp.swift in Sources */,
				482E41F22B8682E700E3448F /* CreateProfileFlowView.swift in Sources */,
				482E41F42B8682E700E3448F /* CreateProfileIntroStepView.swift in Sources */,
				482E41F52B8682E700E3448F /* CreateProfileTeamsStepReducer.swift in Sources */,
			);
			runOnlyForDeploymentPostprocessing = 0;
		};
/* End PBXSourcesBuildPhase section */

/* Begin XCBuildConfiguration section */
		482E41E42B86812600E3448F /* Debug */ = {
			isa = XCBuildConfiguration;
			buildSettings = {
				ALWAYS_SEARCH_USER_PATHS = NO;
				ASSETCATALOG_COMPILER_GENERATE_SWIFT_ASSET_SYMBOL_EXTENSIONS = YES;
				CLANG_ANALYZER_NONNULL = YES;
				CLANG_ANALYZER_NUMBER_OBJECT_CONVERSION = YES_AGGRESSIVE;
				CLANG_CXX_LANGUAGE_STANDARD = "gnu++20";
				CLANG_ENABLE_MODULES = YES;
				CLANG_ENABLE_OBJC_ARC = YES;
				CLANG_ENABLE_OBJC_WEAK = YES;
				CLANG_WARN_BLOCK_CAPTURE_AUTORELEASING = YES;
				CLANG_WARN_BOOL_CONVERSION = YES;
				CLANG_WARN_COMMA = YES;
				CLANG_WARN_CONSTANT_CONVERSION = YES;
				CLANG_WARN_DEPRECATED_OBJC_IMPLEMENTATIONS = YES;
				CLANG_WARN_DIRECT_OBJC_ISA_USAGE = YES_ERROR;
				CLANG_WARN_DOCUMENTATION_COMMENTS = YES;
				CLANG_WARN_EMPTY_BODY = YES;
				CLANG_WARN_ENUM_CONVERSION = YES;
				CLANG_WARN_INFINITE_RECURSION = YES;
				CLANG_WARN_INT_CONVERSION = YES;
				CLANG_WARN_NON_LITERAL_NULL_CONVERSION = YES;
				CLANG_WARN_OBJC_IMPLICIT_RETAIN_SELF = YES;
				CLANG_WARN_OBJC_LITERAL_CONVERSION = YES;
				CLANG_WARN_OBJC_ROOT_CLASS = YES_ERROR;
				CLANG_WARN_QUOTED_INCLUDE_IN_FRAMEWORK_HEADER = YES;
				CLANG_WARN_RANGE_LOOP_ANALYSIS = YES;
				CLANG_WARN_STRICT_PROTOTYPES = YES;
				CLANG_WARN_SUSPICIOUS_MOVE = YES;
				CLANG_WARN_UNGUARDED_AVAILABILITY = YES_AGGRESSIVE;
				CLANG_WARN_UNREACHABLE_CODE = YES;
				CLANG_WARN__DUPLICATE_METHOD_MATCH = YES;
				COPY_PHASE_STRIP = NO;
				DEBUG_INFORMATION_FORMAT = dwarf;
				ENABLE_STRICT_OBJC_MSGSEND = YES;
				ENABLE_TESTABILITY = YES;
				ENABLE_USER_SCRIPT_SANDBOXING = YES;
				GCC_C_LANGUAGE_STANDARD = gnu17;
				GCC_DYNAMIC_NO_PIC = NO;
				GCC_NO_COMMON_BLOCKS = YES;
				GCC_OPTIMIZATION_LEVEL = 0;
				GCC_PREPROCESSOR_DEFINITIONS = (
					"DEBUG=1",
					"$(inherited)",
				);
				GCC_WARN_64_TO_32_BIT_CONVERSION = YES;
				GCC_WARN_ABOUT_RETURN_TYPE = YES_ERROR;
				GCC_WARN_UNDECLARED_SELECTOR = YES;
				GCC_WARN_UNINITIALIZED_AUTOS = YES_AGGRESSIVE;
				GCC_WARN_UNUSED_FUNCTION = YES;
				GCC_WARN_UNUSED_VARIABLE = YES;
				IPHONEOS_DEPLOYMENT_TARGET = 17.0;
				LOCALIZATION_PREFERS_STRING_CATALOGS = YES;
				MTL_ENABLE_DEBUG_INFO = INCLUDE_SOURCE;
				MTL_FAST_MATH = YES;
				ONLY_ACTIVE_ARCH = YES;
				SDKROOT = iphoneos;
				SWIFT_ACTIVE_COMPILATION_CONDITIONS = "DEBUG $(inherited)";
				SWIFT_OPTIMIZATION_LEVEL = "-Onone";
			};
			name = Debug;
		};
		482E41E52B86812600E3448F /* Release */ = {
			isa = XCBuildConfiguration;
			buildSettings = {
				ALWAYS_SEARCH_USER_PATHS = NO;
				ASSETCATALOG_COMPILER_GENERATE_SWIFT_ASSET_SYMBOL_EXTENSIONS = YES;
				CLANG_ANALYZER_NONNULL = YES;
				CLANG_ANALYZER_NUMBER_OBJECT_CONVERSION = YES_AGGRESSIVE;
				CLANG_CXX_LANGUAGE_STANDARD = "gnu++20";
				CLANG_ENABLE_MODULES = YES;
				CLANG_ENABLE_OBJC_ARC = YES;
				CLANG_ENABLE_OBJC_WEAK = YES;
				CLANG_WARN_BLOCK_CAPTURE_AUTORELEASING = YES;
				CLANG_WARN_BOOL_CONVERSION = YES;
				CLANG_WARN_COMMA = YES;
				CLANG_WARN_CONSTANT_CONVERSION = YES;
				CLANG_WARN_DEPRECATED_OBJC_IMPLEMENTATIONS = YES;
				CLANG_WARN_DIRECT_OBJC_ISA_USAGE = YES_ERROR;
				CLANG_WARN_DOCUMENTATION_COMMENTS = YES;
				CLANG_WARN_EMPTY_BODY = YES;
				CLANG_WARN_ENUM_CONVERSION = YES;
				CLANG_WARN_INFINITE_RECURSION = YES;
				CLANG_WARN_INT_CONVERSION = YES;
				CLANG_WARN_NON_LITERAL_NULL_CONVERSION = YES;
				CLANG_WARN_OBJC_IMPLICIT_RETAIN_SELF = YES;
				CLANG_WARN_OBJC_LITERAL_CONVERSION = YES;
				CLANG_WARN_OBJC_ROOT_CLASS = YES_ERROR;
				CLANG_WARN_QUOTED_INCLUDE_IN_FRAMEWORK_HEADER = YES;
				CLANG_WARN_RANGE_LOOP_ANALYSIS = YES;
				CLANG_WARN_STRICT_PROTOTYPES = YES;
				CLANG_WARN_SUSPICIOUS_MOVE = YES;
				CLANG_WARN_UNGUARDED_AVAILABILITY = YES_AGGRESSIVE;
				CLANG_WARN_UNREACHABLE_CODE = YES;
				CLANG_WARN__DUPLICATE_METHOD_MATCH = YES;
				COPY_PHASE_STRIP = NO;
				DEBUG_INFORMATION_FORMAT = "dwarf-with-dsym";
				ENABLE_NS_ASSERTIONS = NO;
				ENABLE_STRICT_OBJC_MSGSEND = YES;
				ENABLE_USER_SCRIPT_SANDBOXING = YES;
				GCC_C_LANGUAGE_STANDARD = gnu17;
				GCC_NO_COMMON_BLOCKS = YES;
				GCC_WARN_64_TO_32_BIT_CONVERSION = YES;
				GCC_WARN_ABOUT_RETURN_TYPE = YES_ERROR;
				GCC_WARN_UNDECLARED_SELECTOR = YES;
				GCC_WARN_UNINITIALIZED_AUTOS = YES_AGGRESSIVE;
				GCC_WARN_UNUSED_FUNCTION = YES;
				GCC_WARN_UNUSED_VARIABLE = YES;
				IPHONEOS_DEPLOYMENT_TARGET = 17.0;
				LOCALIZATION_PREFERS_STRING_CATALOGS = YES;
				MTL_ENABLE_DEBUG_INFO = NO;
				MTL_FAST_MATH = YES;
				SDKROOT = iphoneos;
				SWIFT_COMPILATION_MODE = wholemodule;
				VALIDATE_PRODUCT = YES;
			};
			name = Release;
		};
		482E41E72B86812600E3448F /* Debug */ = {
			isa = XCBuildConfiguration;
			buildSettings = {
				ASSETCATALOG_COMPILER_APPICON_NAME = AppIcon;
				ASSETCATALOG_COMPILER_GLOBAL_ACCENT_COLOR_NAME = AccentColor;
				CODE_SIGN_STYLE = Automatic;
				CURRENT_PROJECT_VERSION = 1;
				DEVELOPMENT_ASSET_PATHS = "\"SwiftNavigationTest/Preview Content\"";
				ENABLE_PREVIEWS = YES;
				GENERATE_INFOPLIST_FILE = YES;
				INFOPLIST_KEY_UIApplicationSceneManifest_Generation = YES;
				INFOPLIST_KEY_UIApplicationSupportsIndirectInputEvents = YES;
				INFOPLIST_KEY_UILaunchScreen_Generation = YES;
				INFOPLIST_KEY_UISupportedInterfaceOrientations_iPad = "UIInterfaceOrientationPortrait UIInterfaceOrientationPortraitUpsideDown UIInterfaceOrientationLandscapeLeft UIInterfaceOrientationLandscapeRight";
				INFOPLIST_KEY_UISupportedInterfaceOrientations_iPhone = "UIInterfaceOrientationPortrait UIInterfaceOrientationLandscapeLeft UIInterfaceOrientationLandscapeRight";
				LD_RUNPATH_SEARCH_PATHS = (
					"$(inherited)",
					"@executable_path/Frameworks",
				);
				MARKETING_VERSION = 1.0;
				PRODUCT_BUNDLE_IDENTIFIER = com.example.SwiftNavigationTest;
				PRODUCT_NAME = "$(TARGET_NAME)";
				SWIFT_EMIT_LOC_STRINGS = YES;
				SWIFT_VERSION = 5.0;
				TARGETED_DEVICE_FAMILY = "1,2";
			};
			name = Debug;
		};
		482E41E82B86812600E3448F /* Release */ = {
			isa = XCBuildConfiguration;
			buildSettings = {
				ASSETCATALOG_COMPILER_APPICON_NAME = AppIcon;
				ASSETCATALOG_COMPILER_GLOBAL_ACCENT_COLOR_NAME = AccentColor;
				CODE_SIGN_STYLE = Automatic;
				CURRENT_PROJECT_VERSION = 1;
				DEVELOPMENT_ASSET_PATHS = "\"SwiftNavigationTest/Preview Content\"";
				ENABLE_PREVIEWS = YES;
				GENERATE_INFOPLIST_FILE = YES;
				INFOPLIST_KEY_UIApplicationSceneManifest_Generation = YES;
				INFOPLIST_KEY_UIApplicationSupportsIndirectInputEvents = YES;
				INFOPLIST_KEY_UILaunchScreen_Generation = YES;
				INFOPLIST_KEY_UISupportedInterfaceOrientations_iPad = "UIInterfaceOrientationPortrait UIInterfaceOrientationPortraitUpsideDown UIInterfaceOrientationLandscapeLeft UIInterfaceOrientationLandscapeRight";
				INFOPLIST_KEY_UISupportedInterfaceOrientations_iPhone = "UIInterfaceOrientationPortrait UIInterfaceOrientationLandscapeLeft UIInterfaceOrientationLandscapeRight";
				LD_RUNPATH_SEARCH_PATHS = (
					"$(inherited)",
					"@executable_path/Frameworks",
				);
				MARKETING_VERSION = 1.0;
				PRODUCT_BUNDLE_IDENTIFIER = com.example.SwiftNavigationTest;
				PRODUCT_NAME = "$(TARGET_NAME)";
				SWIFT_EMIT_LOC_STRINGS = YES;
				SWIFT_VERSION = 5.0;
				TARGETED_DEVICE_FAMILY = "1,2";
			};
			name = Release;
		};
/* End XCBuildConfiguration section */

/* Begin XCConfigurationList section */
		482E41D32B86812400E3448F /* Build configuration list for PBXProject "SwiftNavigationTest" */ = {
			isa = XCConfigurationList;
			buildConfigurations = (
				482E41E42B86812600E3448F /* Debug */,
				482E41E52B86812600E3448F /* Release */,
			);
			defaultConfigurationIsVisible = 0;
			defaultConfigurationName = Release;
		};
		482E41E62B86812600E3448F /* Build configuration list for PBXNativeTarget "SwiftNavigationTest" */ = {
			isa = XCConfigurationList;
			buildConfigurations = (
				482E41E72B86812600E3448F /* Debug */,
				482E41E82B86812600E3448F /* Release */,
			);
			defaultConfigurationIsVisible = 0;
			defaultConfigurationName = Release;
		};
/* End XCConfigurationList section */

/* Begin XCRemoteSwiftPackageReference section */
		482E41E92B86827A00E3448F /* XCRemoteSwiftPackageReference "swift-composable-architecture" */ = {
			isa = XCRemoteSwiftPackageReference;
			repositoryURL = "https://github.com/pointfreeco/swift-composable-architecture";
			requirement = {
				kind = upToNextMajorVersion;
				minimumVersion = 1.2.0;
			};
		};
/* End XCRemoteSwiftPackageReference section */

/* Begin XCSwiftPackageProductDependency section */
		482E41EA2B86827A00E3448F /* ComposableArchitecture */ = {
			isa = XCSwiftPackageProductDependency;
			package = 482E41E92B86827A00E3448F /* XCRemoteSwiftPackageReference "swift-composable-architecture" */;
			productName = ComposableArchitecture;
		};
/* End XCSwiftPackageProductDependency section */
	};
	rootObject = 482E41D02B86812400E3448F /* Project object */;
}
